
Microsoft Visual Studio Solution File, Format Version 12.00
# Visual Studio 2013
VisualStudioVersion = 12.0.30723.0
MinimumVisualStudioVersion = 10.0.40219.1
Project("{FAE04EC0-301F-11D3-BF4B-00C04F79EFBC}") = "P01School", "P01School\P01School.csproj", "{90D2495C-7EED-419D-8159-43B9A075632C}"
EndProject
Project("{FAE04EC0-301F-11D3-BF4B-00C04F79EFBC}") = "P02People", "P02People\P02People.csproj", "{94187850-D21F-4157-AFB2-B15B00C2DB96}"
EndProject
Project("{FAE04EC0-301F-11D3-BF4B-00C04F79EFBC}") = "P03Animals", "P03Animals\P03Animals.csproj", "{024D548F-D952-4D6A-8142-F8415EF95C0E}"
EndProject
Project("{FAE04EC0-301F-11D3-BF4B-00C04F79EFBC}") = "P04CompanyHierarchy", "P04CompanyHierarchy\P04CompanyHierarchy.csproj", "{D88C83E2-CD17-4F4E-A361-052658FE0B6E}"
EndProject
Global
	GlobalSection(SolutionConfigurationPlatforms) = preSolution
		Debug|Any CPU = Debug|Any CPU
		Release|Any CPU = Release|Any CPU
	EndGlobalSection
	GlobalSection(ProjectConfigurationPlatforms) = postSolution
		{90D2495C-7EED-419D-8159-43B9A075632C}.Debug|Any CPU.ActiveCfg = Debug|Any CPU
		{90D2495C-7EED-419D-8159-43B9A075632C}.Debug|Any CPU.Build.0 = Debug|Any CPU
		{90D2495C-7EED-419D-8159-43B9A075632C}.Release|Any CPU.ActiveCfg = Release|Any CPU
		{90D2495C-7EED-419D-8159-43B9A075632C}.Release|Any CPU.Build.0 = Release|Any CPU
		{94187850-D21F-4157-AFB2-B15B00C2DB96}.Debug|Any CPU.ActiveCfg = Debug|Any CPU
		{94187850-D21F-4157-AFB2-B15B00C2DB96}.Debug|Any CPU.Build.0 = Debug|Any CPU
		{94187850-D21F-4157-AFB2-B15B00C2DB96}.Release|Any CPU.ActiveCfg = Release|Any CPU
		{94187850-D21F-4157-AFB2-B15B00C2DB96}.Release|Any CPU.Build.0 = Release|Any CPU
		{024D548F-D952-4D6A-8142-F8415EF95C0E}.Debug|Any CPU.ActiveCfg = Debug|Any CPU
		{024D548F-D952-4D6A-8142-F8415EF95C0E}.Debug|Any CPU.Build.0 = Debug|Any CPU
		{024D548F-D952-4D6A-8142-F8415EF95C0E}.Release|Any CPU.ActiveCfg = Release|Any CPU
		{024D548F-D952-4D6A-8142-F8415EF95C0E}.Release|Any CPU.Build.0 = Release|Any CPU
		{D88C83E2-CD17-4F4E-A361-052658FE0B6E}.Debug|Any CPU.ActiveCfg = Debug|Any CPU
		{D88C83E2-CD17-4F4E-A361-052658FE0B6E}.Debug|Any CPU.Build.0 = Debug|Any CPU
		{D88C83E2-CD17-4F4E-A361-052658FE0B6E}.Release|Any CPU.ActiveCfg = Release|Any CPU
		{D88C83E2-CD17-4F4E-A361-052658FE0B6E}.Release|Any CPU.Build.0 = Release|Any CPU
	EndGlobalSection
	GlobalSection(SolutionProperties) = preSolution
		HideSolutionNode = FALSE
	EndGlobalSection
EndGlobal
