
Microsoft Visual Studio Solution File, Format Version 12.00
# Visual Studio 2013
VisualStudioVersion = 12.0.30723.0
MinimumVisualStudioVersion = 10.0.40219.1
Project("{FAE04EC0-301F-11D3-BF4B-00C04F79EFBC}") = "P01InterestCalculator", "P01InterestCalculator\P01InterestCalculator.csproj", "{391F86FB-F269-491F-8140-76611907709B}"
EndProject
Project("{FAE04EC0-301F-11D3-BF4B-00C04F79EFBC}") = "P02AsynchronousTimer", "P02AsynchronousTimer\P02AsynchronousTimer.csproj", "{1396765C-A8CE-4913-95CE-55A688786809}"
EndProject
Project("{FAE04EC0-301F-11D3-BF4B-00C04F79EFBC}") = "P03StudentClass", "P03StudentClass\P03StudentClass.csproj", "{FE6E5735-4921-4763-B6D3-E93DF9DC9D87}"
EndProject
Global
	GlobalSection(SolutionConfigurationPlatforms) = preSolution
		Debug|Any CPU = Debug|Any CPU
		Release|Any CPU = Release|Any CPU
	EndGlobalSection
	GlobalSection(ProjectConfigurationPlatforms) = postSolution
		{391F86FB-F269-491F-8140-76611907709B}.Debug|Any CPU.ActiveCfg = Debug|Any CPU
		{391F86FB-F269-491F-8140-76611907709B}.Debug|Any CPU.Build.0 = Debug|Any CPU
		{391F86FB-F269-491F-8140-76611907709B}.Release|Any CPU.ActiveCfg = Release|Any CPU
		{391F86FB-F269-491F-8140-76611907709B}.Release|Any CPU.Build.0 = Release|Any CPU
		{1396765C-A8CE-4913-95CE-55A688786809}.Debug|Any CPU.ActiveCfg = Debug|Any CPU
		{1396765C-A8CE-4913-95CE-55A688786809}.Debug|Any CPU.Build.0 = Debug|Any CPU
		{1396765C-A8CE-4913-95CE-55A688786809}.Release|Any CPU.ActiveCfg = Release|Any CPU
		{1396765C-A8CE-4913-95CE-55A688786809}.Release|Any CPU.Build.0 = Release|Any CPU
		{FE6E5735-4921-4763-B6D3-E93DF9DC9D87}.Debug|Any CPU.ActiveCfg = Debug|Any CPU
		{FE6E5735-4921-4763-B6D3-E93DF9DC9D87}.Debug|Any CPU.Build.0 = Debug|Any CPU
		{FE6E5735-4921-4763-B6D3-E93DF9DC9D87}.Release|Any CPU.ActiveCfg = Release|Any CPU
		{FE6E5735-4921-4763-B6D3-E93DF9DC9D87}.Release|Any CPU.Build.0 = Release|Any CPU
	EndGlobalSection
	GlobalSection(SolutionProperties) = preSolution
		HideSolutionNode = FALSE
	EndGlobalSection
EndGlobal
