
Microsoft Visual Studio Solution File, Format Version 12.00
# Visual Studio 2013
VisualStudioVersion = 12.0.30723.0
MinimumVisualStudioVersion = 10.0.40219.1
Project("{FAE04EC0-301F-11D3-BF4B-00C04F79EFBC}") = "P01SquareRoot", "P01SquareRoot\P01SquareRoot.csproj", "{90C88F52-0AEE-4F64-9DC1-101A6FE0659D}"
EndProject
Project("{FAE04EC0-301F-11D3-BF4B-00C04F79EFBC}") = "P02EnterNumbers", "P02EnterNumbers\P02EnterNumbers.csproj", "{92796DCA-1E9E-4FED-8AA1-8B4988659422}"
EndProject
Global
	GlobalSection(SolutionConfigurationPlatforms) = preSolution
		Debug|Any CPU = Debug|Any CPU
		Release|Any CPU = Release|Any CPU
	EndGlobalSection
	GlobalSection(ProjectConfigurationPlatforms) = postSolution
		{90C88F52-0AEE-4F64-9DC1-101A6FE0659D}.Debug|Any CPU.ActiveCfg = Debug|Any CPU
		{90C88F52-0AEE-4F64-9DC1-101A6FE0659D}.Debug|Any CPU.Build.0 = Debug|Any CPU
		{90C88F52-0AEE-4F64-9DC1-101A6FE0659D}.Release|Any CPU.ActiveCfg = Release|Any CPU
		{90C88F52-0AEE-4F64-9DC1-101A6FE0659D}.Release|Any CPU.Build.0 = Release|Any CPU
		{92796DCA-1E9E-4FED-8AA1-8B4988659422}.Debug|Any CPU.ActiveCfg = Debug|Any CPU
		{92796DCA-1E9E-4FED-8AA1-8B4988659422}.Debug|Any CPU.Build.0 = Debug|Any CPU
		{92796DCA-1E9E-4FED-8AA1-8B4988659422}.Release|Any CPU.ActiveCfg = Release|Any CPU
		{92796DCA-1E9E-4FED-8AA1-8B4988659422}.Release|Any CPU.Build.0 = Release|Any CPU
	EndGlobalSection
	GlobalSection(SolutionProperties) = preSolution
		HideSolutionNode = FALSE
	EndGlobalSection
EndGlobal
