
Microsoft Visual Studio Solution File, Format Version 12.00
# Visual Studio 2013
VisualStudioVersion = 12.0.30723.0
MinimumVisualStudioVersion = 10.0.40219.1
Project("{FAE04EC0-301F-11D3-BF4B-00C04F79EFBC}") = "P01GalacticGPS", "P01GalacticGPS\P01GalacticGPS.csproj", "{F13BE040-86A7-4742-A20F-1971D71239C9}"
EndProject
Project("{FAE04EC0-301F-11D3-BF4B-00C04F79EFBC}") = "P02FractionCalculator", "P02FractionCalculator\P02FractionCalculator.csproj", "{ED797BA4-DE33-482F-A18D-B93D270EDACC}"
EndProject
Project("{FAE04EC0-301F-11D3-BF4B-00C04F79EFBC}") = "P03GenericList", "P03GenericList\P03GenericList.csproj", "{7D597C0D-D782-4655-85BA-C333568008C0}"
EndProject
Global
	GlobalSection(SolutionConfigurationPlatforms) = preSolution
		Debug|Any CPU = Debug|Any CPU
		Release|Any CPU = Release|Any CPU
	EndGlobalSection
	GlobalSection(ProjectConfigurationPlatforms) = postSolution
		{F13BE040-86A7-4742-A20F-1971D71239C9}.Debug|Any CPU.ActiveCfg = Debug|Any CPU
		{F13BE040-86A7-4742-A20F-1971D71239C9}.Debug|Any CPU.Build.0 = Debug|Any CPU
		{F13BE040-86A7-4742-A20F-1971D71239C9}.Release|Any CPU.ActiveCfg = Release|Any CPU
		{F13BE040-86A7-4742-A20F-1971D71239C9}.Release|Any CPU.Build.0 = Release|Any CPU
		{ED797BA4-DE33-482F-A18D-B93D270EDACC}.Debug|Any CPU.ActiveCfg = Debug|Any CPU
		{ED797BA4-DE33-482F-A18D-B93D270EDACC}.Debug|Any CPU.Build.0 = Debug|Any CPU
		{ED797BA4-DE33-482F-A18D-B93D270EDACC}.Release|Any CPU.ActiveCfg = Release|Any CPU
		{ED797BA4-DE33-482F-A18D-B93D270EDACC}.Release|Any CPU.Build.0 = Release|Any CPU
		{7D597C0D-D782-4655-85BA-C333568008C0}.Debug|Any CPU.ActiveCfg = Debug|Any CPU
		{7D597C0D-D782-4655-85BA-C333568008C0}.Debug|Any CPU.Build.0 = Debug|Any CPU
		{7D597C0D-D782-4655-85BA-C333568008C0}.Release|Any CPU.ActiveCfg = Release|Any CPU
		{7D597C0D-D782-4655-85BA-C333568008C0}.Release|Any CPU.Build.0 = Release|Any CPU
	EndGlobalSection
	GlobalSection(SolutionProperties) = preSolution
		HideSolutionNode = FALSE
	EndGlobalSection
EndGlobal
